
Microsoft Visual Studio Solution File, Format Version 12.00
# Visual Studio 15
VisualStudioVersion = 15.0.27004.2008
MinimumVisualStudioVersion = 10.0.40219.1
Project("{FAE04EC0-301F-11D3-BF4B-00C04F79EFBC}") = "AndroidLike", "src\AndroidLike.csproj", "{7ADB2495-D1FA-4AD5-AF58-4B80748D3380}"
EndProject
Global
	GlobalSection(SolutionConfigurationPlatforms) = preSolution
		Debug|Any CPU = Debug|Any CPU
		Release|Any CPU = Release|Any CPU
	EndGlobalSection
	GlobalSection(ProjectConfigurationPlatforms) = postSolution
		{7ADB2495-D1FA-4AD5-AF58-4B80748D3380}.Debug|Any CPU.ActiveCfg = Debug|Any CPU
		{7ADB2495-D1FA-4AD5-AF58-4B80748D3380}.Debug|Any CPU.Build.0 = Debug|Any CPU
		{7ADB2495-D1FA-4AD5-AF58-4B80748D3380}.Debug|Any CPU.Deploy.0 = Debug|Any CPU
		{7ADB2495-D1FA-4AD5-AF58-4B80748D3380}.Release|Any CPU.ActiveCfg = Release|Any CPU
		{7ADB2495-D1FA-4AD5-AF58-4B80748D3380}.Release|Any CPU.Build.0 = Release|Any CPU
		{7ADB2495-D1FA-4AD5-AF58-4B80748D3380}.Release|Any CPU.Deploy.0 = Release|Any CPU
	EndGlobalSection
	GlobalSection(SolutionProperties) = preSolution
		HideSolutionNode = FALSE
	EndGlobalSection
	GlobalSection(ExtensibilityGlobals) = postSolution
		SolutionGuid = {F8E4019A-E272-4D80-B810-D258DC230FA5}
	EndGlobalSection
EndGlobal
